
Microsoft Visual Studio Solution File, Format Version 12.00
# Visual Studio Version 17
VisualStudioVersion = 17.2.32526.322
MinimumVisualStudioVersion = 10.0.40219.1
Project("{FAE04EC0-301F-11D3-BF4B-00C04F79EFBC}") = "APImamm", "APImamm\APImamm.csproj", "{297B857A-1EFD-4A91-912B-1C772EFBBC52}"
EndProject
Global
	GlobalSection(SolutionConfigurationPlatforms) = preSolution
		Debug|Any CPU = Debug|Any CPU
		Release|Any CPU = Release|Any CPU
	EndGlobalSection
	GlobalSection(ProjectConfigurationPlatforms) = postSolution
		{297B857A-1EFD-4A91-912B-1C772EFBBC52}.Debug|Any CPU.ActiveCfg = Debug|Any CPU
		{297B857A-1EFD-4A91-912B-1C772EFBBC52}.Debug|Any CPU.Build.0 = Debug|Any CPU
		{297B857A-1EFD-4A91-912B-1C772EFBBC52}.Release|Any CPU.ActiveCfg = Release|Any CPU
		{297B857A-1EFD-4A91-912B-1C772EFBBC52}.Release|Any CPU.Build.0 = Release|Any CPU
	EndGlobalSection
	GlobalSection(SolutionProperties) = preSolution
		HideSolutionNode = FALSE
	EndGlobalSection
	GlobalSection(ExtensibilityGlobals) = postSolution
		SolutionGuid = {70D46D21-5999-4615-8BDE-4DDBB01CEB49}
	EndGlobalSection
EndGlobal
